
Microsoft Visual Studio Solution File, Format Version 12.00
# Visual Studio 15
VisualStudioVersion = 15.0.28307.168
MinimumVisualStudioVersion = 10.0.40219.1
Project("{FAE04EC0-301F-11D3-BF4B-00C04F79EFBC}") = "Capston2", "Capston2\Capston2.csproj", "{8269DCC5-75D9-4F4B-9563-36B63B699636}"
EndProject
Project("{FAE04EC0-301F-11D3-BF4B-00C04F79EFBC}") = "Capston2DataAccess", "Capston2DataAccess\Capston2DataAccess.csproj", "{256B13D2-E211-4BBA-B135-54ADED6D3230}"
EndProject
Project("{FAE04EC0-301F-11D3-BF4B-00C04F79EFBC}") = "Client", "Client\Client.csproj", "{5A9E08D5-2342-4E07-8E4A-C0136A570E2D}"
EndProject
Global
	GlobalSection(SolutionConfigurationPlatforms) = preSolution
		Debug|Any CPU = Debug|Any CPU
		Release|Any CPU = Release|Any CPU
	EndGlobalSection
	GlobalSection(ProjectConfigurationPlatforms) = postSolution
		{8269DCC5-75D9-4F4B-9563-36B63B699636}.Debug|Any CPU.ActiveCfg = Debug|Any CPU
		{8269DCC5-75D9-4F4B-9563-36B63B699636}.Debug|Any CPU.Build.0 = Debug|Any CPU
		{8269DCC5-75D9-4F4B-9563-36B63B699636}.Release|Any CPU.ActiveCfg = Release|Any CPU
		{8269DCC5-75D9-4F4B-9563-36B63B699636}.Release|Any CPU.Build.0 = Release|Any CPU
		{256B13D2-E211-4BBA-B135-54ADED6D3230}.Debug|Any CPU.ActiveCfg = Debug|Any CPU
		{256B13D2-E211-4BBA-B135-54ADED6D3230}.Debug|Any CPU.Build.0 = Debug|Any CPU
		{256B13D2-E211-4BBA-B135-54ADED6D3230}.Release|Any CPU.ActiveCfg = Release|Any CPU
		{256B13D2-E211-4BBA-B135-54ADED6D3230}.Release|Any CPU.Build.0 = Release|Any CPU
		{5A9E08D5-2342-4E07-8E4A-C0136A570E2D}.Debug|Any CPU.ActiveCfg = Debug|Any CPU
		{5A9E08D5-2342-4E07-8E4A-C0136A570E2D}.Debug|Any CPU.Build.0 = Debug|Any CPU
		{5A9E08D5-2342-4E07-8E4A-C0136A570E2D}.Release|Any CPU.ActiveCfg = Release|Any CPU
		{5A9E08D5-2342-4E07-8E4A-C0136A570E2D}.Release|Any CPU.Build.0 = Release|Any CPU
	EndGlobalSection
	GlobalSection(SolutionProperties) = preSolution
		HideSolutionNode = FALSE
	EndGlobalSection
	GlobalSection(ExtensibilityGlobals) = postSolution
		SolutionGuid = {24CC1815-A9DC-4BE2-A7A6-DFC5D57E28BB}
	EndGlobalSection
EndGlobal
